// !$*UTF8*$!
{
	archiveVersion = 1;
	classes = {
	};
	objectVersion = 50;
	objects = {

/* Begin PBXBuildFile section */
		071090737774BE91ABDB666E /* Pods_WIMM.framework in Frameworks */ = {isa = PBXBuildFile; fileRef = 49841F17FD5908A6CE5819EF /* Pods_WIMM.framework */; };
		928D4A102481493B005A4609 /* AppDelegate.swift in Sources */ = {isa = PBXBuildFile; fileRef = 928D4A0F2481493B005A4609 /* AppDelegate.swift */; };
		928D4A122481493B005A4609 /* SceneDelegate.swift in Sources */ = {isa = PBXBuildFile; fileRef = 928D4A112481493B005A4609 /* SceneDelegate.swift */; };
		928D4A142481493B005A4609 /* ViewController.swift in Sources */ = {isa = PBXBuildFile; fileRef = 928D4A132481493B005A4609 /* ViewController.swift */; };
		928D4A172481493B005A4609 /* Main.storyboard in Resources */ = {isa = PBXBuildFile; fileRef = 928D4A152481493B005A4609 /* Main.storyboard */; };
		928D4A192481493C005A4609 /* Assets.xcassets in Resources */ = {isa = PBXBuildFile; fileRef = 928D4A182481493C005A4609 /* Assets.xcassets */; };
		928D4A1C2481493C005A4609 /* LaunchScreen.storyboard in Resources */ = {isa = PBXBuildFile; fileRef = 928D4A1A2481493C005A4609 /* LaunchScreen.storyboard */; };
/* End PBXBuildFile section */

/* Begin PBXFileReference section */
		2955C9738705BDF5BA3DC650 /* Pods-WIMM.release.xcconfig */ = {isa = PBXFileReference; includeInIndex = 1; lastKnownFileType = text.xcconfig; name = "Pods-WIMM.release.xcconfig"; path = "Target Support Files/Pods-WIMM/Pods-WIMM.release.xcconfig"; sourceTree = "<group>"; };
		49841F17FD5908A6CE5819EF /* Pods_WIMM.framework */ = {isa = PBXFileReference; explicitFileType = wrapper.framework; includeInIndex = 0; path = Pods_WIMM.framework; sourceTree = BUILT_PRODUCTS_DIR; };
		8A7DD8C096C31453131D3D11 /* Pods-WIMM.debug.xcconfig */ = {isa = PBXFileReference; includeInIndex = 1; lastKnownFileType = text.xcconfig; name = "Pods-WIMM.debug.xcconfig"; path = "Target Support Files/Pods-WIMM/Pods-WIMM.debug.xcconfig"; sourceTree = "<group>"; };
		928D4A0C2481493B005A4609 /* WIMM.app */ = {isa = PBXFileReference; explicitFileType = wrapper.application; includeInIndex = 0; path = WIMM.app; sourceTree = BUILT_PRODUCTS_DIR; };
		928D4A0F2481493B005A4609 /* AppDelegate.swift */ = {isa = PBXFileReference; lastKnownFileType = sourcecode.swift; path = AppDelegate.swift; sourceTree = "<group>"; };
		928D4A112481493B005A4609 /* SceneDelegate.swift */ = {isa = PBXFileReference; lastKnownFileType = sourcecode.swift; path = SceneDelegate.swift; sourceTree = "<group>"; };
		928D4A132481493B005A4609 /* ViewController.swift */ = {isa = PBXFileReference; lastKnownFileType = sourcecode.swift; path = ViewController.swift; sourceTree = "<group>"; };
		928D4A162481493B005A4609 /* Base */ = {isa = PBXFileReference; lastKnownFileType = file.storyboard; name = Base; path = Base.lproj/Main.storyboard; sourceTree = "<group>"; };
		928D4A182481493C005A4609 /* Assets.xcassets */ = {isa = PBXFileReference; lastKnownFileType = folder.assetcatalog; path = Assets.xcassets; sourceTree = "<group>"; };
		928D4A1B2481493C005A4609 /* Base */ = {isa = PBXFileReference; lastKnownFileType = file.storyboard; name = Base; path = Base.lproj/LaunchScreen.storyboard; sourceTree = "<group>"; };
		928D4A1D2481493C005A4609 /* Info.plist */ = {isa = PBXFileReference; lastKnownFileType = text.plist.xml; path = Info.plist; sourceTree = "<group>"; };
/* End PBXFileReference section */

/* Begin PBXFrameworksBuildPhase section */
		928D4A092481493B005A4609 /* Frameworks */ = {
			isa = PBXFrameworksBuildPhase;
			buildActionMask = 2147483647;
			files = (
				071090737774BE91ABDB666E /* Pods_WIMM.framework in Frameworks */,
			);
			runOnlyForDeploymentPostprocessing = 0;
		};
/* End PBXFrameworksBuildPhase section */

/* Begin PBXGroup section */
		928D4A032481493B005A4609 = {
			isa = PBXGroup;
			children = (
				928D4A0E2481493B005A4609 /* WIMM */,
				928D4A0D2481493B005A4609 /* Products */,
				EAD424F70652FA640E30EC13 /* Pods */,
				D5B506D80320D8F67B90EAD0 /* Frameworks */,
			);
			sourceTree = "<group>";
		};
		928D4A0D2481493B005A4609 /* Products */ = {
			isa = PBXGroup;
			children = (
				928D4A0C2481493B005A4609 /* WIMM.app */,
			);
			name = Products;
			sourceTree = "<group>";
		};
		928D4A0E2481493B005A4609 /* WIMM */ = {
			isa = PBXGroup;
			children = (
				928D4A2624814B03005A4609 /* GeneralProject */,
				928D4A132481493B005A4609 /* ViewController.swift */,
				928D4A152481493B005A4609 /* Main.storyboard */,
				928D4A2324814A41005A4609 /* Utils */,
				928D4A1D2481493C005A4609 /* Info.plist */,
			);
			path = WIMM;
			sourceTree = "<group>";
		};
		928D4A2324814A41005A4609 /* Utils */ = {
			isa = PBXGroup;
			children = (
				928D4A182481493C005A4609 /* Assets.xcassets */,
				928D4A1A2481493C005A4609 /* LaunchScreen.storyboard */,
			);
			path = Utils;
			sourceTree = "<group>";
		};
		928D4A2624814B03005A4609 /* GeneralProject */ = {
			isa = PBXGroup;
			children = (
				928D4A0F2481493B005A4609 /* AppDelegate.swift */,
				928D4A112481493B005A4609 /* SceneDelegate.swift */,
			);
			path = GeneralProject;
			sourceTree = "<group>";
		};
		D5B506D80320D8F67B90EAD0 /* Frameworks */ = {
			isa = PBXGroup;
			children = (
				49841F17FD5908A6CE5819EF /* Pods_WIMM.framework */,
			);
			name = Frameworks;
			sourceTree = "<group>";
		};
		EAD424F70652FA640E30EC13 /* Pods */ = {
			isa = PBXGroup;
			children = (
				8A7DD8C096C31453131D3D11 /* Pods-WIMM.debug.xcconfig */,
				2955C9738705BDF5BA3DC650 /* Pods-WIMM.release.xcconfig */,
			);
			path = Pods;
			sourceTree = "<group>";
		};
/* End PBXGroup section */

/* Begin PBXNativeTarget section */
		928D4A0B2481493B005A4609 /* WIMM */ = {
			isa = PBXNativeTarget;
			buildConfigurationList = 928D4A202481493C005A4609 /* Build configuration list for PBXNativeTarget "WIMM" */;
			buildPhases = (
				07053F1915CD81FBBE1031A0 /* [CP] Check Pods Manifest.lock */,
				928D4A082481493B005A4609 /* Sources */,
				928D4A092481493B005A4609 /* Frameworks */,
				928D4A0A2481493B005A4609 /* Resources */,
			);
			buildRules = (
			);
			dependencies = (
			);
			name = WIMM;
			productName = WIMM;
			productReference = 928D4A0C2481493B005A4609 /* WIMM.app */;
			productType = "com.apple.product-type.application";
		};
/* End PBXNativeTarget section */

/* Begin PBXProject section */
		928D4A042481493B005A4609 /* Project object */ = {
			isa = PBXProject;
			attributes = {
				LastSwiftUpdateCheck = 1150;
				LastUpgradeCheck = 1150;
				ORGANIZATIONNAME = "Álvaro Ferrández Gómez";
				TargetAttributes = {
					928D4A0B2481493B005A4609 = {
						CreatedOnToolsVersion = 11.5;
					};
				};
			};
			buildConfigurationList = 928D4A072481493B005A4609 /* Build configuration list for PBXProject "WIMM" */;
			compatibilityVersion = "Xcode 9.3";
			developmentRegion = en;
			hasScannedForEncodings = 0;
			knownRegions = (
				en,
				Base,
			);
			mainGroup = 928D4A032481493B005A4609;
			productRefGroup = 928D4A0D2481493B005A4609 /* Products */;
			projectDirPath = "";
			projectRoot = "";
			targets = (
				928D4A0B2481493B005A4609 /* WIMM */,
			);
		};
/* End PBXProject section */

/* Begin PBXResourcesBuildPhase section */
		928D4A0A2481493B005A4609 /* Resources */ = {
			isa = PBXResourcesBuildPhase;
			buildActionMask = 2147483647;
			files = (
				928D4A1C2481493C005A4609 /* LaunchScreen.storyboard in Resources */,
				928D4A192481493C005A4609 /* Assets.xcassets in Resources */,
				928D4A172481493B005A4609 /* Main.storyboard in Resources */,
			);
			runOnlyForDeploymentPostprocessing = 0;
		};
/* End PBXResourcesBuildPhase section */

/* Begin PBXShellScriptBuildPhase section */
		07053F1915CD81FBBE1031A0 /* [CP] Check Pods Manifest.lock */ = {
			isa = PBXShellScriptBuildPhase;
			buildActionMask = 2147483647;
			files = (
			);
			inputFileListPaths = (
			);
			inputPaths = (
				"${PODS_PODFILE_DIR_PATH}/Podfile.lock",
				"${PODS_ROOT}/Manifest.lock",
			);
			name = "[CP] Check Pods Manifest.lock";
			outputFileListPaths = (
			);
			outputPaths = (
				"$(DERIVED_FILE_DIR)/Pods-WIMM-checkManifestLockResult.txt",
			);
			runOnlyForDeploymentPostprocessing = 0;
			shellPath = /bin/sh;
			shellScript = "diff \"${PODS_PODFILE_DIR_PATH}/Podfile.lock\" \"${PODS_ROOT}/Manifest.lock\" > /dev/null\nif [ $? != 0 ] ; then\n    # print error to STDERR\n    echo \"error: The sandbox is not in sync with the Podfile.lock. Run 'pod install' or update your CocoaPods installation.\" >&2\n    exit 1\nfi\n# This output is used by Xcode 'outputs' to avoid re-running this script phase.\necho \"SUCCESS\" > \"${SCRIPT_OUTPUT_FILE_0}\"\n";
			showEnvVarsInLog = 0;
		};
/* End PBXShellScriptBuildPhase section */

/* Begin PBXSourcesBuildPhase section */
		928D4A082481493B005A4609 /* Sources */ = {
			isa = PBXSourcesBuildPhase;
			buildActionMask = 2147483647;
			files = (
				928D4A142481493B005A4609 /* ViewController.swift in Sources */,
				928D4A102481493B005A4609 /* AppDelegate.swift in Sources */,
				928D4A122481493B005A4609 /* SceneDelegate.swift in Sources */,
			);
			runOnlyForDeploymentPostprocessing = 0;
		};
/* End PBXSourcesBuildPhase section */

/* Begin PBXVariantGroup section */
		928D4A152481493B005A4609 /* Main.storyboard */ = {
			isa = PBXVariantGroup;
			children = (
				928D4A162481493B005A4609 /* Base */,
			);
			name = Main.storyboard;
			sourceTree = "<group>";
		};
		928D4A1A2481493C005A4609 /* LaunchScreen.storyboard */ = {
			isa = PBXVariantGroup;
			children = (
				928D4A1B2481493C005A4609 /* Base */,
			);
			name = LaunchScreen.storyboard;
			sourceTree = "<group>";
		};
/* End PBXVariantGroup section */

/* Begin XCBuildConfiguration section */
		928D4A1E2481493C005A4609 /* Debug */ = {
			isa = XCBuildConfiguration;
			buildSettings = {
				ALWAYS_SEARCH_USER_PATHS = NO;
				CLANG_ANALYZER_NONNULL = YES;
				CLANG_ANALYZER_NUMBER_OBJECT_CONVERSION = YES_AGGRESSIVE;
				CLANG_CXX_LANGUAGE_STANDARD = "gnu++14";
				CLANG_CXX_LIBRARY = "libc++";
				CLANG_ENABLE_MODULES = YES;
				CLANG_ENABLE_OBJC_ARC = YES;
				CLANG_ENABLE_OBJC_WEAK = YES;
				CLANG_WARN_BLOCK_CAPTURE_AUTORELEASING = YES;
				CLANG_WARN_BOOL_CONVERSION = YES;
				CLANG_WARN_COMMA = YES;
				CLANG_WARN_CONSTANT_CONVERSION = YES;
				CLANG_WARN_DEPRECATED_OBJC_IMPLEMENTATIONS = YES;
				CLANG_WARN_DIRECT_OBJC_ISA_USAGE = YES_ERROR;
				CLANG_WARN_DOCUMENTATION_COMMENTS = YES;
				CLANG_WARN_EMPTY_BODY = YES;
				CLANG_WARN_ENUM_CONVERSION = YES;
				CLANG_WARN_INFINITE_RECURSION = YES;
				CLANG_WARN_INT_CONVERSION = YES;
				CLANG_WARN_NON_LITERAL_NULL_CONVERSION = YES;
				CLANG_WARN_OBJC_IMPLICIT_RETAIN_SELF = YES;
				CLANG_WARN_OBJC_LITERAL_CONVERSION = YES;
				CLANG_WARN_OBJC_ROOT_CLASS = YES_ERROR;
				CLANG_WARN_RANGE_LOOP_ANALYSIS = YES;
				CLANG_WARN_STRICT_PROTOTYPES = YES;
				CLANG_WARN_SUSPICIOUS_MOVE = YES;
				CLANG_WARN_UNGUARDED_AVAILABILITY = YES_AGGRESSIVE;
				CLANG_WARN_UNREACHABLE_CODE = YES;
				CLANG_WARN__DUPLICATE_METHOD_MATCH = YES;
				COPY_PHASE_STRIP = NO;
				DEBUG_INFORMATION_FORMAT = dwarf;
				ENABLE_STRICT_OBJC_MSGSEND = YES;
				ENABLE_TESTABILITY = YES;
				GCC_C_LANGUAGE_STANDARD = gnu11;
				GCC_DYNAMIC_NO_PIC = NO;
				GCC_NO_COMMON_BLOCKS = YES;
				GCC_OPTIMIZATION_LEVEL = 0;
				GCC_PREPROCESSOR_DEFINITIONS = (
					"DEBUG=1",
					"$(inherited)",
				);
				GCC_WARN_64_TO_32_BIT_CONVERSION = YES;
				GCC_WARN_ABOUT_RETURN_TYPE = YES_ERROR;
				GCC_WARN_UNDECLARED_SELECTOR = YES;
				GCC_WARN_UNINITIALIZED_AUTOS = YES_AGGRESSIVE;
				GCC_WARN_UNUSED_FUNCTION = YES;
				GCC_WARN_UNUSED_VARIABLE = YES;
				IPHONEOS_DEPLOYMENT_TARGET = 13.5;
				MTL_ENABLE_DEBUG_INFO = INCLUDE_SOURCE;
				MTL_FAST_MATH = YES;
				ONLY_ACTIVE_ARCH = YES;
				SDKROOT = iphoneos;
				SWIFT_ACTIVE_COMPILATION_CONDITIONS = DEBUG;
				SWIFT_OPTIMIZATION_LEVEL = "-Onone";
			};
			name = Debug;
		};
		928D4A1F2481493C005A4609 /* Release */ = {
			isa = XCBuildConfiguration;
			buildSettings = {
				ALWAYS_SEARCH_USER_PATHS = NO;
				CLANG_ANALYZER_NONNULL = YES;
				CLANG_ANALYZER_NUMBER_OBJECT_CONVERSION = YES_AGGRESSIVE;
				CLANG_CXX_LANGUAGE_STANDARD = "gnu++14";
				CLANG_CXX_LIBRARY = "libc++";
				CLANG_ENABLE_MODULES = YES;
				CLANG_ENABLE_OBJC_ARC = YES;
				CLANG_ENABLE_OBJC_WEAK = YES;
				CLANG_WARN_BLOCK_CAPTURE_AUTORELEASING = YES;
				CLANG_WARN_BOOL_CONVERSION = YES;
				CLANG_WARN_COMMA = YES;
				CLANG_WARN_CONSTANT_CONVERSION = YES;
				CLANG_WARN_DEPRECATED_OBJC_IMPLEMENTATIONS = YES;
				CLANG_WARN_DIRECT_OBJC_ISA_USAGE = YES_ERROR;
				CLANG_WARN_DOCUMENTATION_COMMENTS = YES;
				CLANG_WARN_EMPTY_BODY = YES;
				CLANG_WARN_ENUM_CONVERSION = YES;
				CLANG_WARN_INFINITE_RECURSION = YES;
				CLANG_WARN_INT_CONVERSION = YES;
				CLANG_WARN_NON_LITERAL_NULL_CONVERSION = YES;
				CLANG_WARN_OBJC_IMPLICIT_RETAIN_SELF = YES;
				CLANG_WARN_OBJC_LITERAL_CONVERSION = YES;
				CLANG_WARN_OBJC_ROOT_CLASS = YES_ERROR;
				CLANG_WARN_RANGE_LOOP_ANALYSIS = YES;
				CLANG_WARN_STRICT_PROTOTYPES = YES;
				CLANG_WARN_SUSPICIOUS_MOVE = YES;
				CLANG_WARN_UNGUARDED_AVAILABILITY = YES_AGGRESSIVE;
				CLANG_WARN_UNREACHABLE_CODE = YES;
				CLANG_WARN__DUPLICATE_METHOD_MATCH = YES;
				COPY_PHASE_STRIP = NO;
				DEBUG_INFORMATION_FORMAT = "dwarf-with-dsym";
				ENABLE_NS_ASSERTIONS = NO;
				ENABLE_STRICT_OBJC_MSGSEND = YES;
				GCC_C_LANGUAGE_STANDARD = gnu11;
				GCC_NO_COMMON_BLOCKS = YES;
				GCC_WARN_64_TO_32_BIT_CONVERSION = YES;
				GCC_WARN_ABOUT_RETURN_TYPE = YES_ERROR;
				GCC_WARN_UNDECLARED_SELECTOR = YES;
				GCC_WARN_UNINITIALIZED_AUTOS = YES_AGGRESSIVE;
				GCC_WARN_UNUSED_FUNCTION = YES;
				GCC_WARN_UNUSED_VARIABLE = YES;
				IPHONEOS_DEPLOYMENT_TARGET = 13.5;
				MTL_ENABLE_DEBUG_INFO = NO;
				MTL_FAST_MATH = YES;
				SDKROOT = iphoneos;
				SWIFT_COMPILATION_MODE = wholemodule;
				SWIFT_OPTIMIZATION_LEVEL = "-O";
				VALIDATE_PRODUCT = YES;
			};
			name = Release;
		};
		928D4A212481493C005A4609 /* Debug */ = {
			isa = XCBuildConfiguration;
			baseConfigurationReference = 8A7DD8C096C31453131D3D11 /* Pods-WIMM.debug.xcconfig */;
			buildSettings = {
				ASSETCATALOG_COMPILER_APPICON_NAME = AppIcon;
				CODE_SIGN_STYLE = Automatic;
				DEVELOPMENT_TEAM = VQ5Y8L9458;
				INFOPLIST_FILE = WIMM/Info.plist;
				LD_RUNPATH_SEARCH_PATHS = (
					"$(inherited)",
					"@executable_path/Frameworks",
				);
				PRODUCT_BUNDLE_IDENTIFIER = AlvaroFerrandez.WIMM;
				PRODUCT_NAME = "$(TARGET_NAME)";
				SWIFT_VERSION = 5.0;
				TARGETED_DEVICE_FAMILY = 1;
			};
			name = Debug;
		};
		928D4A222481493C005A4609 /* Release */ = {
			isa = XCBuildConfiguration;
			baseConfigurationReference = 2955C9738705BDF5BA3DC650 /* Pods-WIMM.release.xcconfig */;
			buildSettings = {
				ASSETCATALOG_COMPILER_APPICON_NAME = AppIcon;
				CODE_SIGN_STYLE = Automatic;
				DEVELOPMENT_TEAM = VQ5Y8L9458;
				INFOPLIST_FILE = WIMM/Info.plist;
				LD_RUNPATH_SEARCH_PATHS = (
					"$(inherited)",
					"@executable_path/Frameworks",
				);
				PRODUCT_BUNDLE_IDENTIFIER = AlvaroFerrandez.WIMM;
				PRODUCT_NAME = "$(TARGET_NAME)";
				SWIFT_VERSION = 5.0;
				TARGETED_DEVICE_FAMILY = 1;
			};
			name = Release;
		};
/* End XCBuildConfiguration section */

/* Begin XCConfigurationList section */
		928D4A072481493B005A4609 /* Build configuration list for PBXProject "WIMM" */ = {
			isa = XCConfigurationList;
			buildConfigurations = (
				928D4A1E2481493C005A4609 /* Debug */,
				928D4A1F2481493C005A4609 /* Release */,
			);
			defaultConfigurationIsVisible = 0;
			defaultConfigurationName = Release;
		};
		928D4A202481493C005A4609 /* Build configuration list for PBXNativeTarget "WIMM" */ = {
			isa = XCConfigurationList;
			buildConfigurations = (
				928D4A212481493C005A4609 /* Debug */,
				928D4A222481493C005A4609 /* Release */,
			);
			defaultConfigurationIsVisible = 0;
			defaultConfigurationName = Release;
		};
/* End XCConfigurationList section */
	};
	rootObject = 928D4A042481493B005A4609 /* Project object */;
}
